
Microsoft Visual Studio Solution File, Format Version 12.00
# Visual Studio Version 17
VisualStudioVersion = 17.8.34408.163
MinimumVisualStudioVersion = 10.0.40219.1
Project("{FAE04EC0-301F-11D3-BF4B-00C04F79EFBC}") = "McRider.Windows", "McRider.Windows.csproj", "{90D114B1-0520-4659-922C-0E49B27F3D1D}"
EndProject
Project("{FAE04EC0-301F-11D3-BF4B-00C04F79EFBC}") = "McRider.MAUI", "McRider.MAUI\McRider.MAUI.csproj", "{46404A46-4922-4966-82E1-2C9EAAA02C08}"
EndProject
Global
	GlobalSection(SolutionConfigurationPlatforms) = preSolution
		Debug|Any CPU = Debug|Any CPU
		Release|Any CPU = Release|Any CPU
	EndGlobalSection
	GlobalSection(ProjectConfigurationPlatforms) = postSolution
		{90D114B1-0520-4659-922C-0E49B27F3D1D}.Debug|Any CPU.ActiveCfg = Debug|Any CPU
		{90D114B1-0520-4659-922C-0E49B27F3D1D}.Debug|Any CPU.Build.0 = Debug|Any CPU
		{90D114B1-0520-4659-922C-0E49B27F3D1D}.Release|Any CPU.ActiveCfg = Release|Any CPU
		{90D114B1-0520-4659-922C-0E49B27F3D1D}.Release|Any CPU.Build.0 = Release|Any CPU
		{46404A46-4922-4966-82E1-2C9EAAA02C08}.Debug|Any CPU.ActiveCfg = Debug|Any CPU
		{46404A46-4922-4966-82E1-2C9EAAA02C08}.Debug|Any CPU.Build.0 = Debug|Any CPU
		{46404A46-4922-4966-82E1-2C9EAAA02C08}.Debug|Any CPU.Deploy.0 = Debug|Any CPU
		{46404A46-4922-4966-82E1-2C9EAAA02C08}.Release|Any CPU.ActiveCfg = Release|Any CPU
		{46404A46-4922-4966-82E1-2C9EAAA02C08}.Release|Any CPU.Build.0 = Release|Any CPU
		{46404A46-4922-4966-82E1-2C9EAAA02C08}.Release|Any CPU.Deploy.0 = Release|Any CPU
	EndGlobalSection
	GlobalSection(SolutionProperties) = preSolution
		HideSolutionNode = FALSE
	EndGlobalSection
	GlobalSection(ExtensibilityGlobals) = postSolution
		SolutionGuid = {7EC9C00E-F022-4BBB-8512-6FDF09631664}
	EndGlobalSection
EndGlobal
